{
  "name": "cronos-teaproject-batch",
  "version": "1.0.0",
  "lockfileVersion": 3,
  "requires": true,
  "packages": {
    "": {
      "name": "cronos-teaproject-batch",
      "version": "1.0.0",
      "license": "ISC",
      "dependencies": {
        "cro-token-multisender-cronos": "^1.0.0"
      }
    },
    "node_modules/cro-token-multisender-cronos": {
      "version": "1.0.0",
      "resolved": "https://registry.npmjs.org/cro-token-multisender-cronos/-/cro-token-multisender-cronos-1.0.0.tgz",
      "integrity": "sha512-qpc/JC3mGoYI0Bbs3APvE4UJ06RG/ZJu0QLdJiL7e/Ft+FAb020S6kHh4U53BSRKy3BkG2347upti2DhRcKL9A=="
    }
  }
}
